
Microsoft Visual Studio Solution File, Format Version 12.00
# Visual Studio Version 16
VisualStudioVersion = 16.0.28922.388
MinimumVisualStudioVersion = 10.0.40219.1
Project("{FAE04EC0-301F-11D3-BF4B-00C04F79EFBC}") = "Simplified21JohnO", "Simplified21Alex\Simplified21JohnO.csproj", "{64FCEEC5-1F17-495D-BC16-8DC33798C0AF}"
EndProject
Global
	GlobalSection(SolutionConfigurationPlatforms) = preSolution
		Debug|Any CPU = Debug|Any CPU
		Release|Any CPU = Release|Any CPU
	EndGlobalSection
	GlobalSection(ProjectConfigurationPlatforms) = postSolution
		{64FCEEC5-1F17-495D-BC16-8DC33798C0AF}.Debug|Any CPU.ActiveCfg = Debug|Any CPU
		{64FCEEC5-1F17-495D-BC16-8DC33798C0AF}.Debug|Any CPU.Build.0 = Debug|Any CPU
		{64FCEEC5-1F17-495D-BC16-8DC33798C0AF}.Release|Any CPU.ActiveCfg = Release|Any CPU
		{64FCEEC5-1F17-495D-BC16-8DC33798C0AF}.Release|Any CPU.Build.0 = Release|Any CPU
	EndGlobalSection
	GlobalSection(SolutionProperties) = preSolution
		HideSolutionNode = FALSE
	EndGlobalSection
	GlobalSection(ExtensibilityGlobals) = postSolution
		SolutionGuid = {C2FA47DE-38C7-42D4-BD3B-C2DA027F928A}
	EndGlobalSection
EndGlobal
